// !$*UTF8*$!
{
	archiveVersion = 1;
	classes = {
	};
	objectVersion = 50;
	objects = {

/* Begin PBXBuildFile section */
		6105EF3F26739A7400DB7B7B /* AppDelegate.swift in Sources */ = {isa = PBXBuildFile; fileRef = 6105EF3E26739A7400DB7B7B /* AppDelegate.swift */; };
		6105EF4926739A7400DB7B7B /* WeatherApp.xcdatamodeld in Sources */ = {isa = PBXBuildFile; fileRef = 6105EF4726739A7400DB7B7B /* WeatherApp.xcdatamodeld */; };
		6105EF4B26739A7600DB7B7B /* Assets.xcassets in Resources */ = {isa = PBXBuildFile; fileRef = 6105EF4A26739A7600DB7B7B /* Assets.xcassets */; };
		6105EF5B26739B6600DB7B7B /* UIViewController+Extensions.swift in Sources */ = {isa = PBXBuildFile; fileRef = 6105EF5A26739B6600DB7B7B /* UIViewController+Extensions.swift */; };
		6105EF6226739BE200DB7B7B /* SearchCityWeatherViewController.swift in Sources */ = {isa = PBXBuildFile; fileRef = 6105EF6026739BE200DB7B7B /* SearchCityWeatherViewController.swift */; };
		6105EF6326739BE200DB7B7B /* SearchCityWeatherViewController.xib in Resources */ = {isa = PBXBuildFile; fileRef = 6105EF6126739BE200DB7B7B /* SearchCityWeatherViewController.xib */; };
		6105EF6A26739D0600DB7B7B /* ApiServices.swift in Sources */ = {isa = PBXBuildFile; fileRef = 6105EF6926739D0600DB7B7B /* ApiServices.swift */; };
		6105EF6E26739F3200DB7B7B /* ServiceUrl.swift in Sources */ = {isa = PBXBuildFile; fileRef = 6105EF6D26739F3200DB7B7B /* ServiceUrl.swift */; };
		6105EF732673F96300DB7B7B /* NetworkDataModel.swift in Sources */ = {isa = PBXBuildFile; fileRef = 6105EF722673F96300DB7B7B /* NetworkDataModel.swift */; };
		7F00E2DA9D6709CD29D41E97 /* Pods_WeatherApp.framework in Frameworks */ = {isa = PBXBuildFile; fileRef = 58D4DCCFE585032291860DE1 /* Pods_WeatherApp.framework */; };
/* End PBXBuildFile section */

/* Begin PBXFileReference section */
		58D4DCCFE585032291860DE1 /* Pods_WeatherApp.framework */ = {isa = PBXFileReference; explicitFileType = wrapper.framework; includeInIndex = 0; path = Pods_WeatherApp.framework; sourceTree = BUILT_PRODUCTS_DIR; };
		6105EF3B26739A7400DB7B7B /* WeatherApp.app */ = {isa = PBXFileReference; explicitFileType = wrapper.application; includeInIndex = 0; path = WeatherApp.app; sourceTree = BUILT_PRODUCTS_DIR; };
		6105EF3E26739A7400DB7B7B /* AppDelegate.swift */ = {isa = PBXFileReference; lastKnownFileType = sourcecode.swift; path = AppDelegate.swift; sourceTree = "<group>"; };
		6105EF4826739A7400DB7B7B /* WeatherApp.xcdatamodel */ = {isa = PBXFileReference; lastKnownFileType = wrapper.xcdatamodel; path = WeatherApp.xcdatamodel; sourceTree = "<group>"; };
		6105EF4A26739A7600DB7B7B /* Assets.xcassets */ = {isa = PBXFileReference; lastKnownFileType = folder.assetcatalog; path = Assets.xcassets; sourceTree = "<group>"; };
		6105EF4F26739A7600DB7B7B /* Info.plist */ = {isa = PBXFileReference; lastKnownFileType = text.plist.xml; path = Info.plist; sourceTree = "<group>"; };
		6105EF5A26739B6600DB7B7B /* UIViewController+Extensions.swift */ = {isa = PBXFileReference; lastKnownFileType = sourcecode.swift; path = "UIViewController+Extensions.swift"; sourceTree = "<group>"; };
		6105EF6026739BE200DB7B7B /* SearchCityWeatherViewController.swift */ = {isa = PBXFileReference; lastKnownFileType = sourcecode.swift; path = SearchCityWeatherViewController.swift; sourceTree = "<group>"; };
		6105EF6126739BE200DB7B7B /* SearchCityWeatherViewController.xib */ = {isa = PBXFileReference; lastKnownFileType = file.xib; path = SearchCityWeatherViewController.xib; sourceTree = "<group>"; };
		6105EF6926739D0600DB7B7B /* ApiServices.swift */ = {isa = PBXFileReference; lastKnownFileType = sourcecode.swift; path = ApiServices.swift; sourceTree = "<group>"; };
		6105EF6D26739F3200DB7B7B /* ServiceUrl.swift */ = {isa = PBXFileReference; lastKnownFileType = sourcecode.swift; path = ServiceUrl.swift; sourceTree = "<group>"; };
		6105EF722673F96300DB7B7B /* NetworkDataModel.swift */ = {isa = PBXFileReference; lastKnownFileType = sourcecode.swift; path = NetworkDataModel.swift; sourceTree = "<group>"; };
		611E6F398954CC224ACA808D /* Pods-WeatherApp.debug.xcconfig */ = {isa = PBXFileReference; includeInIndex = 1; lastKnownFileType = text.xcconfig; name = "Pods-WeatherApp.debug.xcconfig"; path = "Target Support Files/Pods-WeatherApp/Pods-WeatherApp.debug.xcconfig"; sourceTree = "<group>"; };
		DA46FA3A63C3798A4A4C1538 /* Pods-WeatherApp.release.xcconfig */ = {isa = PBXFileReference; includeInIndex = 1; lastKnownFileType = text.xcconfig; name = "Pods-WeatherApp.release.xcconfig"; path = "Target Support Files/Pods-WeatherApp/Pods-WeatherApp.release.xcconfig"; sourceTree = "<group>"; };
/* End PBXFileReference section */

/* Begin PBXFrameworksBuildPhase section */
		6105EF3826739A7400DB7B7B /* Frameworks */ = {
			isa = PBXFrameworksBuildPhase;
			buildActionMask = 2147483647;
			files = (
				7F00E2DA9D6709CD29D41E97 /* Pods_WeatherApp.framework in Frameworks */,
			);
			runOnlyForDeploymentPostprocessing = 0;
		};
/* End PBXFrameworksBuildPhase section */

/* Begin PBXGroup section */
		06A142A6F6990D4DB7D361F2 /* Pods */ = {
			isa = PBXGroup;
			children = (
				611E6F398954CC224ACA808D /* Pods-WeatherApp.debug.xcconfig */,
				DA46FA3A63C3798A4A4C1538 /* Pods-WeatherApp.release.xcconfig */,
			);
			name = Pods;
			path = Pods;
			sourceTree = "<group>";
		};
		6105EF3226739A7400DB7B7B = {
			isa = PBXGroup;
			children = (
				6105EF3D26739A7400DB7B7B /* WeatherApp */,
				6105EF3C26739A7400DB7B7B /* Products */,
				06A142A6F6990D4DB7D361F2 /* Pods */,
				E27A12261B6EC4AEB9F1F1FF /* Frameworks */,
			);
			sourceTree = "<group>";
		};
		6105EF3C26739A7400DB7B7B /* Products */ = {
			isa = PBXGroup;
			children = (
				6105EF3B26739A7400DB7B7B /* WeatherApp.app */,
			);
			name = Products;
			sourceTree = "<group>";
		};
		6105EF3D26739A7400DB7B7B /* WeatherApp */ = {
			isa = PBXGroup;
			children = (
				6105EF6726739CD700DB7B7B /* Network Layer */,
				6105EF5E26739B9700DB7B7B /* ViewControllers */,
				6105EF5926739B2D00DB7B7B /* Extension */,
				6105EF3E26739A7400DB7B7B /* AppDelegate.swift */,
				6105EF4A26739A7600DB7B7B /* Assets.xcassets */,
				6105EF4F26739A7600DB7B7B /* Info.plist */,
				6105EF4726739A7400DB7B7B /* WeatherApp.xcdatamodeld */,
			);
			path = WeatherApp;
			sourceTree = "<group>";
		};
		6105EF5926739B2D00DB7B7B /* Extension */ = {
			isa = PBXGroup;
			children = (
				6105EF5A26739B6600DB7B7B /* UIViewController+Extensions.swift */,
			);
			path = Extension;
			sourceTree = "<group>";
		};
		6105EF5E26739B9700DB7B7B /* ViewControllers */ = {
			isa = PBXGroup;
			children = (
				6105EF5F26739BA400DB7B7B /* Search controller */,
			);
			path = ViewControllers;
			sourceTree = "<group>";
		};
		6105EF5F26739BA400DB7B7B /* Search controller */ = {
			isa = PBXGroup;
			children = (
				6105EF6026739BE200DB7B7B /* SearchCityWeatherViewController.swift */,
				6105EF6126739BE200DB7B7B /* SearchCityWeatherViewController.xib */,
			);
			path = "Search controller";
			sourceTree = "<group>";
		};
		6105EF6726739CD700DB7B7B /* Network Layer */ = {
			isa = PBXGroup;
			children = (
				6105EF712673F94B00DB7B7B /* Network Model */,
				6105EF6C26739EF200DB7B7B /* URLBuilder */,
				6105EF6826739CEC00DB7B7B /* Api Services */,
			);
			path = "Network Layer";
			sourceTree = "<group>";
		};
		6105EF6826739CEC00DB7B7B /* Api Services */ = {
			isa = PBXGroup;
			children = (
				6105EF6926739D0600DB7B7B /* ApiServices.swift */,
			);
			path = "Api Services";
			sourceTree = "<group>";
		};
		6105EF6C26739EF200DB7B7B /* URLBuilder */ = {
			isa = PBXGroup;
			children = (
				6105EF6D26739F3200DB7B7B /* ServiceUrl.swift */,
			);
			path = URLBuilder;
			sourceTree = "<group>";
		};
		6105EF712673F94B00DB7B7B /* Network Model */ = {
			isa = PBXGroup;
			children = (
				6105EF722673F96300DB7B7B /* NetworkDataModel.swift */,
			);
			path = "Network Model";
			sourceTree = "<group>";
		};
		E27A12261B6EC4AEB9F1F1FF /* Frameworks */ = {
			isa = PBXGroup;
			children = (
				58D4DCCFE585032291860DE1 /* Pods_WeatherApp.framework */,
			);
			name = Frameworks;
			sourceTree = "<group>";
		};
/* End PBXGroup section */

/* Begin PBXNativeTarget section */
		6105EF3A26739A7400DB7B7B /* WeatherApp */ = {
			isa = PBXNativeTarget;
			buildConfigurationList = 6105EF5226739A7600DB7B7B /* Build configuration list for PBXNativeTarget "WeatherApp" */;
			buildPhases = (
				04BD3FEF5F2DA0A54987CF9A /* [CP] Check Pods Manifest.lock */,
				6105EF3726739A7400DB7B7B /* Sources */,
				6105EF3826739A7400DB7B7B /* Frameworks */,
				6105EF3926739A7400DB7B7B /* Resources */,
				E5090FF6EF99790686813C3E /* [CP] Embed Pods Frameworks */,
			);
			buildRules = (
			);
			dependencies = (
			);
			name = WeatherApp;
			productName = WeatherApp;
			productReference = 6105EF3B26739A7400DB7B7B /* WeatherApp.app */;
			productType = "com.apple.product-type.application";
		};
/* End PBXNativeTarget section */

/* Begin PBXProject section */
		6105EF3326739A7400DB7B7B /* Project object */ = {
			isa = PBXProject;
			attributes = {
				LastSwiftUpdateCheck = 1240;
				LastUpgradeCheck = 1240;
				TargetAttributes = {
					6105EF3A26739A7400DB7B7B = {
						CreatedOnToolsVersion = 12.4;
					};
				};
			};
			buildConfigurationList = 6105EF3626739A7400DB7B7B /* Build configuration list for PBXProject "WeatherApp" */;
			compatibilityVersion = "Xcode 9.3";
			developmentRegion = en;
			hasScannedForEncodings = 0;
			knownRegions = (
				en,
				Base,
			);
			mainGroup = 6105EF3226739A7400DB7B7B;
			productRefGroup = 6105EF3C26739A7400DB7B7B /* Products */;
			projectDirPath = "";
			projectRoot = "";
			targets = (
				6105EF3A26739A7400DB7B7B /* WeatherApp */,
			);
		};
/* End PBXProject section */

/* Begin PBXResourcesBuildPhase section */
		6105EF3926739A7400DB7B7B /* Resources */ = {
			isa = PBXResourcesBuildPhase;
			buildActionMask = 2147483647;
			files = (
				6105EF6326739BE200DB7B7B /* SearchCityWeatherViewController.xib in Resources */,
				6105EF4B26739A7600DB7B7B /* Assets.xcassets in Resources */,
			);
			runOnlyForDeploymentPostprocessing = 0;
		};
/* End PBXResourcesBuildPhase section */

/* Begin PBXShellScriptBuildPhase section */
		04BD3FEF5F2DA0A54987CF9A /* [CP] Check Pods Manifest.lock */ = {
			isa = PBXShellScriptBuildPhase;
			buildActionMask = 2147483647;
			files = (
			);
			inputFileListPaths = (
			);
			inputPaths = (
				"${PODS_PODFILE_DIR_PATH}/Podfile.lock",
				"${PODS_ROOT}/Manifest.lock",
			);
			name = "[CP] Check Pods Manifest.lock";
			outputFileListPaths = (
			);
			outputPaths = (
				"$(DERIVED_FILE_DIR)/Pods-WeatherApp-checkManifestLockResult.txt",
			);
			runOnlyForDeploymentPostprocessing = 0;
			shellPath = /bin/sh;
			shellScript = "diff \"${PODS_PODFILE_DIR_PATH}/Podfile.lock\" \"${PODS_ROOT}/Manifest.lock\" > /dev/null\nif [ $? != 0 ] ; then\n    # print error to STDERR\n    echo \"error: The sandbox is not in sync with the Podfile.lock. Run 'pod install' or update your CocoaPods installation.\" >&2\n    exit 1\nfi\n# This output is used by Xcode 'outputs' to avoid re-running this script phase.\necho \"SUCCESS\" > \"${SCRIPT_OUTPUT_FILE_0}\"\n";
			showEnvVarsInLog = 0;
		};
		E5090FF6EF99790686813C3E /* [CP] Embed Pods Frameworks */ = {
			isa = PBXShellScriptBuildPhase;
			buildActionMask = 2147483647;
			files = (
			);
			inputFileListPaths = (
				"${PODS_ROOT}/Target Support Files/Pods-WeatherApp/Pods-WeatherApp-frameworks-${CONFIGURATION}-input-files.xcfilelist",
			);
			name = "[CP] Embed Pods Frameworks";
			outputFileListPaths = (
				"${PODS_ROOT}/Target Support Files/Pods-WeatherApp/Pods-WeatherApp-frameworks-${CONFIGURATION}-output-files.xcfilelist",
			);
			runOnlyForDeploymentPostprocessing = 0;
			shellPath = /bin/sh;
			shellScript = "\"${PODS_ROOT}/Target Support Files/Pods-WeatherApp/Pods-WeatherApp-frameworks.sh\"\n";
			showEnvVarsInLog = 0;
		};
/* End PBXShellScriptBuildPhase section */

/* Begin PBXSourcesBuildPhase section */
		6105EF3726739A7400DB7B7B /* Sources */ = {
			isa = PBXSourcesBuildPhase;
			buildActionMask = 2147483647;
			files = (
				6105EF4926739A7400DB7B7B /* WeatherApp.xcdatamodeld in Sources */,
				6105EF5B26739B6600DB7B7B /* UIViewController+Extensions.swift in Sources */,
				6105EF6226739BE200DB7B7B /* SearchCityWeatherViewController.swift in Sources */,
				6105EF6E26739F3200DB7B7B /* ServiceUrl.swift in Sources */,
				6105EF732673F96300DB7B7B /* NetworkDataModel.swift in Sources */,
				6105EF3F26739A7400DB7B7B /* AppDelegate.swift in Sources */,
				6105EF6A26739D0600DB7B7B /* ApiServices.swift in Sources */,
			);
			runOnlyForDeploymentPostprocessing = 0;
		};
/* End PBXSourcesBuildPhase section */

/* Begin XCBuildConfiguration section */
		6105EF5026739A7600DB7B7B /* Debug */ = {
			isa = XCBuildConfiguration;
			buildSettings = {
				ALWAYS_SEARCH_USER_PATHS = NO;
				CLANG_ANALYZER_NONNULL = YES;
				CLANG_ANALYZER_NUMBER_OBJECT_CONVERSION = YES_AGGRESSIVE;
				CLANG_CXX_LANGUAGE_STANDARD = "gnu++14";
				CLANG_CXX_LIBRARY = "libc++";
				CLANG_ENABLE_MODULES = YES;
				CLANG_ENABLE_OBJC_ARC = YES;
				CLANG_ENABLE_OBJC_WEAK = YES;
				CLANG_WARN_BLOCK_CAPTURE_AUTORELEASING = YES;
				CLANG_WARN_BOOL_CONVERSION = YES;
				CLANG_WARN_COMMA = YES;
				CLANG_WARN_CONSTANT_CONVERSION = YES;
				CLANG_WARN_DEPRECATED_OBJC_IMPLEMENTATIONS = YES;
				CLANG_WARN_DIRECT_OBJC_ISA_USAGE = YES_ERROR;
				CLANG_WARN_DOCUMENTATION_COMMENTS = YES;
				CLANG_WARN_EMPTY_BODY = YES;
				CLANG_WARN_ENUM_CONVERSION = YES;
				CLANG_WARN_INFINITE_RECURSION = YES;
				CLANG_WARN_INT_CONVERSION = YES;
				CLANG_WARN_NON_LITERAL_NULL_CONVERSION = YES;
				CLANG_WARN_OBJC_IMPLICIT_RETAIN_SELF = YES;
				CLANG_WARN_OBJC_LITERAL_CONVERSION = YES;
				CLANG_WARN_OBJC_ROOT_CLASS = YES_ERROR;
				CLANG_WARN_QUOTED_INCLUDE_IN_FRAMEWORK_HEADER = YES;
				CLANG_WARN_RANGE_LOOP_ANALYSIS = YES;
				CLANG_WARN_STRICT_PROTOTYPES = YES;
				CLANG_WARN_SUSPICIOUS_MOVE = YES;
				CLANG_WARN_UNGUARDED_AVAILABILITY = YES_AGGRESSIVE;
				CLANG_WARN_UNREACHABLE_CODE = YES;
				CLANG_WARN__DUPLICATE_METHOD_MATCH = YES;
				COPY_PHASE_STRIP = NO;
				DEBUG_INFORMATION_FORMAT = dwarf;
				ENABLE_STRICT_OBJC_MSGSEND = YES;
				ENABLE_TESTABILITY = YES;
				GCC_C_LANGUAGE_STANDARD = gnu11;
				GCC_DYNAMIC_NO_PIC = NO;
				GCC_NO_COMMON_BLOCKS = YES;
				GCC_OPTIMIZATION_LEVEL = 0;
				GCC_PREPROCESSOR_DEFINITIONS = (
					"DEBUG=1",
					"$(inherited)",
				);
				GCC_WARN_64_TO_32_BIT_CONVERSION = YES;
				GCC_WARN_ABOUT_RETURN_TYPE = YES_ERROR;
				GCC_WARN_UNDECLARED_SELECTOR = YES;
				GCC_WARN_UNINITIALIZED_AUTOS = YES_AGGRESSIVE;
				GCC_WARN_UNUSED_FUNCTION = YES;
				GCC_WARN_UNUSED_VARIABLE = YES;
				IPHONEOS_DEPLOYMENT_TARGET = 14.4;
				MTL_ENABLE_DEBUG_INFO = INCLUDE_SOURCE;
				MTL_FAST_MATH = YES;
				ONLY_ACTIVE_ARCH = YES;
				SDKROOT = iphoneos;
				SWIFT_ACTIVE_COMPILATION_CONDITIONS = DEBUG;
				SWIFT_OPTIMIZATION_LEVEL = "-Onone";
			};
			name = Debug;
		};
		6105EF5126739A7600DB7B7B /* Release */ = {
			isa = XCBuildConfiguration;
			buildSettings = {
				ALWAYS_SEARCH_USER_PATHS = NO;
				CLANG_ANALYZER_NONNULL = YES;
				CLANG_ANALYZER_NUMBER_OBJECT_CONVERSION = YES_AGGRESSIVE;
				CLANG_CXX_LANGUAGE_STANDARD = "gnu++14";
				CLANG_CXX_LIBRARY = "libc++";
				CLANG_ENABLE_MODULES = YES;
				CLANG_ENABLE_OBJC_ARC = YES;
				CLANG_ENABLE_OBJC_WEAK = YES;
				CLANG_WARN_BLOCK_CAPTURE_AUTORELEASING = YES;
				CLANG_WARN_BOOL_CONVERSION = YES;
				CLANG_WARN_COMMA = YES;
				CLANG_WARN_CONSTANT_CONVERSION = YES;
				CLANG_WARN_DEPRECATED_OBJC_IMPLEMENTATIONS = YES;
				CLANG_WARN_DIRECT_OBJC_ISA_USAGE = YES_ERROR;
				CLANG_WARN_DOCUMENTATION_COMMENTS = YES;
				CLANG_WARN_EMPTY_BODY = YES;
				CLANG_WARN_ENUM_CONVERSION = YES;
				CLANG_WARN_INFINITE_RECURSION = YES;
				CLANG_WARN_INT_CONVERSION = YES;
				CLANG_WARN_NON_LITERAL_NULL_CONVERSION = YES;
				CLANG_WARN_OBJC_IMPLICIT_RETAIN_SELF = YES;
				CLANG_WARN_OBJC_LITERAL_CONVERSION = YES;
				CLANG_WARN_OBJC_ROOT_CLASS = YES_ERROR;
				CLANG_WARN_QUOTED_INCLUDE_IN_FRAMEWORK_HEADER = YES;
				CLANG_WARN_RANGE_LOOP_ANALYSIS = YES;
				CLANG_WARN_STRICT_PROTOTYPES = YES;
				CLANG_WARN_SUSPICIOUS_MOVE = YES;
				CLANG_WARN_UNGUARDED_AVAILABILITY = YES_AGGRESSIVE;
				CLANG_WARN_UNREACHABLE_CODE = YES;
				CLANG_WARN__DUPLICATE_METHOD_MATCH = YES;
				COPY_PHASE_STRIP = NO;
				DEBUG_INFORMATION_FORMAT = "dwarf-with-dsym";
				ENABLE_NS_ASSERTIONS = NO;
				ENABLE_STRICT_OBJC_MSGSEND = YES;
				GCC_C_LANGUAGE_STANDARD = gnu11;
				GCC_NO_COMMON_BLOCKS = YES;
				GCC_WARN_64_TO_32_BIT_CONVERSION = YES;
				GCC_WARN_ABOUT_RETURN_TYPE = YES_ERROR;
				GCC_WARN_UNDECLARED_SELECTOR = YES;
				GCC_WARN_UNINITIALIZED_AUTOS = YES_AGGRESSIVE;
				GCC_WARN_UNUSED_FUNCTION = YES;
				GCC_WARN_UNUSED_VARIABLE = YES;
				IPHONEOS_DEPLOYMENT_TARGET = 14.4;
				MTL_ENABLE_DEBUG_INFO = NO;
				MTL_FAST_MATH = YES;
				SDKROOT = iphoneos;
				SWIFT_COMPILATION_MODE = wholemodule;
				SWIFT_OPTIMIZATION_LEVEL = "-O";
				VALIDATE_PRODUCT = YES;
			};
			name = Release;
		};
		6105EF5326739A7600DB7B7B /* Debug */ = {
			isa = XCBuildConfiguration;
			baseConfigurationReference = 611E6F398954CC224ACA808D /* Pods-WeatherApp.debug.xcconfig */;
			buildSettings = {
				ASSETCATALOG_COMPILER_APPICON_NAME = AppIcon;
				ASSETCATALOG_COMPILER_GLOBAL_ACCENT_COLOR_NAME = AccentColor;
				CODE_SIGN_STYLE = Automatic;
				DEVELOPMENT_TEAM = 8F835L88D7;
				INFOPLIST_FILE = WeatherApp/Info.plist;
				LD_RUNPATH_SEARCH_PATHS = (
					"$(inherited)",
					"@executable_path/Frameworks",
				);
				PRODUCT_BUNDLE_IDENTIFIER = com.holofy.com.WeatherApp;
				PRODUCT_NAME = "$(TARGET_NAME)";
				SWIFT_VERSION = 5.0;
				TARGETED_DEVICE_FAMILY = "1,2";
			};
			name = Debug;
		};
		6105EF5426739A7600DB7B7B /* Release */ = {
			isa = XCBuildConfiguration;
			baseConfigurationReference = DA46FA3A63C3798A4A4C1538 /* Pods-WeatherApp.release.xcconfig */;
			buildSettings = {
				ASSETCATALOG_COMPILER_APPICON_NAME = AppIcon;
				ASSETCATALOG_COMPILER_GLOBAL_ACCENT_COLOR_NAME = AccentColor;
				CODE_SIGN_STYLE = Automatic;
				DEVELOPMENT_TEAM = 8F835L88D7;
				INFOPLIST_FILE = WeatherApp/Info.plist;
				LD_RUNPATH_SEARCH_PATHS = (
					"$(inherited)",
					"@executable_path/Frameworks",
				);
				PRODUCT_BUNDLE_IDENTIFIER = com.holofy.com.WeatherApp;
				PRODUCT_NAME = "$(TARGET_NAME)";
				SWIFT_VERSION = 5.0;
				TARGETED_DEVICE_FAMILY = "1,2";
			};
			name = Release;
		};
/* End XCBuildConfiguration section */

/* Begin XCConfigurationList section */
		6105EF3626739A7400DB7B7B /* Build configuration list for PBXProject "WeatherApp" */ = {
			isa = XCConfigurationList;
			buildConfigurations = (
				6105EF5026739A7600DB7B7B /* Debug */,
				6105EF5126739A7600DB7B7B /* Release */,
			);
			defaultConfigurationIsVisible = 0;
			defaultConfigurationName = Release;
		};
		6105EF5226739A7600DB7B7B /* Build configuration list for PBXNativeTarget "WeatherApp" */ = {
			isa = XCConfigurationList;
			buildConfigurations = (
				6105EF5326739A7600DB7B7B /* Debug */,
				6105EF5426739A7600DB7B7B /* Release */,
			);
			defaultConfigurationIsVisible = 0;
			defaultConfigurationName = Release;
		};
/* End XCConfigurationList section */

/* Begin XCVersionGroup section */
		6105EF4726739A7400DB7B7B /* WeatherApp.xcdatamodeld */ = {
			isa = XCVersionGroup;
			children = (
				6105EF4826739A7400DB7B7B /* WeatherApp.xcdatamodel */,
			);
			currentVersion = 6105EF4826739A7400DB7B7B /* WeatherApp.xcdatamodel */;
			path = WeatherApp.xcdatamodeld;
			sourceTree = "<group>";
			versionGroupType = wrapper.xcdatamodel;
		};
/* End XCVersionGroup section */
	};
	rootObject = 6105EF3326739A7400DB7B7B /* Project object */;
}
